
Microsoft Visual Studio Solution File, Format Version 12.00
# Visual Studio 15
VisualStudioVersion = 15.0.28307.421
MinimumVisualStudioVersion = 10.0.40219.1
Project("{00D1A9C2-B5F0-4AF3-8072-F6C62B433612}") = "ContosoUniversityData", "ContosoUniversityData\ContosoUniversityData.sqlproj", "{C5EAF7EB-74E8-404C-94E3-08305F0D2CCF}"
EndProject
Project("{FAE04EC0-301F-11D3-BF4B-00C04F79EFBC}") = "ContosoSite", "ContosoSite\ContosoSite.csproj", "{9C52D83A-5622-43F7-B47D-86AEDB8A9198}"
EndProject
Global
	GlobalSection(SolutionConfigurationPlatforms) = preSolution
		Debug|Any CPU = Debug|Any CPU
		Release|Any CPU = Release|Any CPU
	EndGlobalSection
	GlobalSection(ProjectConfigurationPlatforms) = postSolution
		{C5EAF7EB-74E8-404C-94E3-08305F0D2CCF}.Debug|Any CPU.ActiveCfg = Debug|Any CPU
		{C5EAF7EB-74E8-404C-94E3-08305F0D2CCF}.Debug|Any CPU.Build.0 = Debug|Any CPU
		{C5EAF7EB-74E8-404C-94E3-08305F0D2CCF}.Debug|Any CPU.Deploy.0 = Debug|Any CPU
		{C5EAF7EB-74E8-404C-94E3-08305F0D2CCF}.Release|Any CPU.ActiveCfg = Release|Any CPU
		{C5EAF7EB-74E8-404C-94E3-08305F0D2CCF}.Release|Any CPU.Build.0 = Release|Any CPU
		{C5EAF7EB-74E8-404C-94E3-08305F0D2CCF}.Release|Any CPU.Deploy.0 = Release|Any CPU
		{9C52D83A-5622-43F7-B47D-86AEDB8A9198}.Debug|Any CPU.ActiveCfg = Debug|Any CPU
		{9C52D83A-5622-43F7-B47D-86AEDB8A9198}.Debug|Any CPU.Build.0 = Debug|Any CPU
		{9C52D83A-5622-43F7-B47D-86AEDB8A9198}.Release|Any CPU.ActiveCfg = Release|Any CPU
		{9C52D83A-5622-43F7-B47D-86AEDB8A9198}.Release|Any CPU.Build.0 = Release|Any CPU
	EndGlobalSection
	GlobalSection(SolutionProperties) = preSolution
		HideSolutionNode = FALSE
	EndGlobalSection
	GlobalSection(ExtensibilityGlobals) = postSolution
		SolutionGuid = {6F44C862-D69D-4125-8A6C-A194901C3763}
	EndGlobalSection
EndGlobal
